
Microsoft Visual Studio Solution File, Format Version 11.00
# Visual Studio 2010
Project("{FAE04EC0-301F-11D3-BF4B-00C04F79EFBC}") = "Assembly-CSharp-firstpass", "Assembly-CSharp-firstpass.csproj", "{b0e96e5b-c357-df47-e888-2ef25ffe0e39}"
EndProject
Project("{FAE04EC0-301F-11D3-BF4B-00C04F79EFBC}") = "Assembly-CSharp", "Assembly-CSharp.csproj", "{176e94da-39fc-0607-fa2b-24df83a7e9be}"
EndProject
Global
	GlobalSection(SolutionConfigurationPlatforms) = preSolution
		Debug|Any CPU = Debug|Any CPU
		Release|Any CPU = Release|Any CPU
	EndGlobalSection
	GlobalSection(ProjectConfigurationPlatforms) = postSolution
		{b0e96e5b-c357-df47-e888-2ef25ffe0e39}.Debug|Any CPU.ActiveCfg = Debug|Any CPU
		{b0e96e5b-c357-df47-e888-2ef25ffe0e39}.Debug|Any CPU.Build.0 = Debug|Any CPU
		{b0e96e5b-c357-df47-e888-2ef25ffe0e39}.Release|Any CPU.ActiveCfg = Release|Any CPU
		{b0e96e5b-c357-df47-e888-2ef25ffe0e39}.Release|Any CPU.Build.0 = Release|Any CPU
		{176e94da-39fc-0607-fa2b-24df83a7e9be}.Debug|Any CPU.ActiveCfg = Debug|Any CPU
		{176e94da-39fc-0607-fa2b-24df83a7e9be}.Debug|Any CPU.Build.0 = Debug|Any CPU
		{176e94da-39fc-0607-fa2b-24df83a7e9be}.Release|Any CPU.ActiveCfg = Release|Any CPU
		{176e94da-39fc-0607-fa2b-24df83a7e9be}.Release|Any CPU.Build.0 = Release|Any CPU
	EndGlobalSection
	GlobalSection(SolutionProperties) = preSolution
		HideSolutionNode = FALSE
	EndGlobalSection
EndGlobal
